// !$*UTF8*$!
{
	archiveVersion = 1;
	classes = {
	};
	objectVersion = 51;
	objects = {

/* Begin PBXBuildFile section */
		021B988926C4BAB900E32ACA /* ComposeViewController.swift in Sources */ = {isa = PBXBuildFile; fileRef = 021B988826C4BAB900E32ACA /* ComposeViewController.swift */; };
		021B988D26C4E55B00E32ACA /* Spoqa Han Sans Bold.ttf in Resources */ = {isa = PBXBuildFile; fileRef = 021B988B26C4E55A00E32ACA /* Spoqa Han Sans Bold.ttf */; };
		021B988E26C4E55B00E32ACA /* Spoqa Han Sans Regular.ttf in Resources */ = {isa = PBXBuildFile; fileRef = 021B988C26C4E55B00E32ACA /* Spoqa Han Sans Regular.ttf */; };
		021B989726C586E700E32ACA /* PostTableViewCell.swift in Sources */ = {isa = PBXBuildFile; fileRef = 021B989526C586E700E32ACA /* PostTableViewCell.swift */; };
		021B989826C586E700E32ACA /* PostTableViewCell.xib in Resources */ = {isa = PBXBuildFile; fileRef = 021B989626C586E700E32ACA /* PostTableViewCell.xib */; };
		021F5C8826D2BD89000F708C /* DetailPostViewController.swift in Sources */ = {isa = PBXBuildFile; fileRef = 021F5C8726D2BD89000F708C /* DetailPostViewController.swift */; };
		021F5C8C26D2C370000F708C /* DetailPostTableViewCell.swift in Sources */ = {isa = PBXBuildFile; fileRef = 021F5C8A26D2C370000F708C /* DetailPostTableViewCell.swift */; };
		021F5C8D26D2C370000F708C /* DetailPostTableViewCell.xib in Resources */ = {isa = PBXBuildFile; fileRef = 021F5C8B26D2C370000F708C /* DetailPostTableViewCell.xib */; };
		021F5C9226D32EE1000F708C /* DetailPostTextViewTableViewCell.swift in Sources */ = {isa = PBXBuildFile; fileRef = 021F5C9026D32EE1000F708C /* DetailPostTextViewTableViewCell.swift */; };
		021F5C9326D32EE1000F708C /* DetailPostTextViewTableViewCell.xib in Resources */ = {isa = PBXBuildFile; fileRef = 021F5C9126D32EE1000F708C /* DetailPostTextViewTableViewCell.xib */; };
		021F5C9626D33750000F708C /* DetailPostCommentTableViewCell.swift in Sources */ = {isa = PBXBuildFile; fileRef = 021F5C9426D33750000F708C /* DetailPostCommentTableViewCell.swift */; };
		021F5C9726D33750000F708C /* DetailPostCommentTableViewCell.xib in Resources */ = {isa = PBXBuildFile; fileRef = 021F5C9526D33750000F708C /* DetailPostCommentTableViewCell.xib */; };
		023984DF26E6157700D99FBA /* Comment.swift in Sources */ = {isa = PBXBuildFile; fileRef = 023984DE26E6157700D99FBA /* Comment.swift */; };
		023984E126E6162800D99FBA /* Like.swift in Sources */ = {isa = PBXBuildFile; fileRef = 023984E026E6162800D99FBA /* Like.swift */; };
		023AFA8126C9F2A200D3C064 /* GoogleService-Info.plist in Resources */ = {isa = PBXBuildFile; fileRef = 023AFA8026C9F2A200D3C064 /* GoogleService-Info.plist */; };
		023C174D26CBEEDC00DFE754 /* RecentViewController.swift in Sources */ = {isa = PBXBuildFile; fileRef = 023C174C26CBEEDC00DFE754 /* RecentViewController.swift */; };
		023C174F26CBEEE400DFE754 /* BestViewController.swift in Sources */ = {isa = PBXBuildFile; fileRef = 023C174E26CBEEE400DFE754 /* BestViewController.swift */; };
		023C175426CEABEE00DFE754 /* NoticeViewController.swift in Sources */ = {isa = PBXBuildFile; fileRef = 023C175326CEABEE00DFE754 /* NoticeViewController.swift */; };
		023C175626CEAC6A00DFE754 /* PostNoticeViewController.swift in Sources */ = {isa = PBXBuildFile; fileRef = 023C175526CEAC6A00DFE754 /* PostNoticeViewController.swift */; };
		023C175826CEAC7200DFE754 /* AppNoticeViewController.swift in Sources */ = {isa = PBXBuildFile; fileRef = 023C175726CEAC7200DFE754 /* AppNoticeViewController.swift */; };
		024CF45D26E61D9900568EF4 /* LogoutViewController.swift in Sources */ = {isa = PBXBuildFile; fileRef = 024CF45C26E61D9900568EF4 /* LogoutViewController.swift */; };
		028791AB26DCEDF700AA6DCF /* EmailAuth.swift in Sources */ = {isa = PBXBuildFile; fileRef = 028791AA26DCEDF700AA6DCF /* EmailAuth.swift */; };
		028791AD26DCF10D00AA6DCF /* AuthNetworkManager.swift in Sources */ = {isa = PBXBuildFile; fileRef = 028791AC26DCF10D00AA6DCF /* AuthNetworkManager.swift */; };
		028791B126DCFA5F00AA6DCF /* Resource.swift in Sources */ = {isa = PBXBuildFile; fileRef = 028791B026DCFA5F00AA6DCF /* Resource.swift */; };
		028791B426DCFB5D00AA6DCF /* PostsAPI.swift in Sources */ = {isa = PBXBuildFile; fileRef = 028791B326DCFB5D00AA6DCF /* PostsAPI.swift */; };
		028791B626DCFCCA00AA6DCF /* Post.swift in Sources */ = {isa = PBXBuildFile; fileRef = 028791B526DCFCCA00AA6DCF /* Post.swift */; };
		028ECF9F26C44C3600D74716 /* AppDelegate.swift in Sources */ = {isa = PBXBuildFile; fileRef = 028ECF9E26C44C3600D74716 /* AppDelegate.swift */; };
		028ECFA126C44C3600D74716 /* SceneDelegate.swift in Sources */ = {isa = PBXBuildFile; fileRef = 028ECFA026C44C3600D74716 /* SceneDelegate.swift */; };
		028ECFA626C44C3600D74716 /* Main.storyboard in Resources */ = {isa = PBXBuildFile; fileRef = 028ECFA426C44C3600D74716 /* Main.storyboard */; };
		028ECFA826C44C3900D74716 /* Assets.xcassets in Resources */ = {isa = PBXBuildFile; fileRef = 028ECFA726C44C3900D74716 /* Assets.xcassets */; };
		028ECFAB26C44C3900D74716 /* LaunchScreen.storyboard in Resources */ = {isa = PBXBuildFile; fileRef = 028ECFA926C44C3900D74716 /* LaunchScreen.storyboard */; };
		028ECFB426C44D1200D74716 /* MainViewController.swift in Sources */ = {isa = PBXBuildFile; fileRef = 028ECFB326C44D1200D74716 /* MainViewController.swift */; };
		02B03E2626E3640D00DD3C98 /* PostsNetworkManager.swift in Sources */ = {isa = PBXBuildFile; fileRef = 02B03E2526E3640D00DD3C98 /* PostsNetworkManager.swift */; };
		02C247E626DCDE66003C2100 /* MyPostViewController.swift in Sources */ = {isa = PBXBuildFile; fileRef = 02C247E526DCDE66003C2100 /* MyPostViewController.swift */; };
		02C247EA26DCDEEF003C2100 /* MyPostTableViewCell.swift in Sources */ = {isa = PBXBuildFile; fileRef = 02C247E826DCDEEF003C2100 /* MyPostTableViewCell.swift */; };
		02C247EB26DCDEEF003C2100 /* MyPostTableViewCell.xib in Resources */ = {isa = PBXBuildFile; fileRef = 02C247E926DCDEEF003C2100 /* MyPostTableViewCell.xib */; };
		02E0299D26C971DC00EBB2BB /* LoginViewController.swift in Sources */ = {isa = PBXBuildFile; fileRef = 02E0299C26C971DC00EBB2BB /* LoginViewController.swift */; };
		02E0299F26C971E300EBB2BB /* SignupViewController.swift in Sources */ = {isa = PBXBuildFile; fileRef = 02E0299E26C971E300EBB2BB /* SignupViewController.swift */; };
		02F4A76226CF3DF60066BEDC /* AppNoticeTableViewCell.swift in Sources */ = {isa = PBXBuildFile; fileRef = 02F4A76026CF3DF60066BEDC /* AppNoticeTableViewCell.swift */; };
		02F4A76326CF3DF60066BEDC /* AppNoticeTableViewCell.xib in Resources */ = {isa = PBXBuildFile; fileRef = 02F4A76126CF3DF60066BEDC /* AppNoticeTableViewCell.xib */; };
		02F4A76626CF9EF40066BEDC /* SettingViewController.swift in Sources */ = {isa = PBXBuildFile; fileRef = 02F4A76526CF9EF40066BEDC /* SettingViewController.swift */; };
		02F4A76C26CFC98A0066BEDC /* SettingProfileTableViewCell.swift in Sources */ = {isa = PBXBuildFile; fileRef = 02F4A76A26CFC98A0066BEDC /* SettingProfileTableViewCell.swift */; };
		02F4A76D26CFC98A0066BEDC /* SettingProfileTableViewCell.xib in Resources */ = {isa = PBXBuildFile; fileRef = 02F4A76B26CFC98A0066BEDC /* SettingProfileTableViewCell.xib */; };
		5236953F0235688DFBFC6604 /* Pods_GoodBusinessTalk.framework in Frameworks */ = {isa = PBXBuildFile; fileRef = F5D6164171439D4421CB7743 /* Pods_GoodBusinessTalk.framework */; };
/* End PBXBuildFile section */

/* Begin PBXFileReference section */
		021B988826C4BAB900E32ACA /* ComposeViewController.swift */ = {isa = PBXFileReference; lastKnownFileType = sourcecode.swift; path = ComposeViewController.swift; sourceTree = "<group>"; };
		021B988B26C4E55A00E32ACA /* Spoqa Han Sans Bold.ttf */ = {isa = PBXFileReference; lastKnownFileType = file; path = "Spoqa Han Sans Bold.ttf"; sourceTree = "<group>"; };
		021B988C26C4E55B00E32ACA /* Spoqa Han Sans Regular.ttf */ = {isa = PBXFileReference; lastKnownFileType = file; path = "Spoqa Han Sans Regular.ttf"; sourceTree = "<group>"; };
		021B989526C586E700E32ACA /* PostTableViewCell.swift */ = {isa = PBXFileReference; lastKnownFileType = sourcecode.swift; path = PostTableViewCell.swift; sourceTree = "<group>"; };
		021B989626C586E700E32ACA /* PostTableViewCell.xib */ = {isa = PBXFileReference; lastKnownFileType = file.xib; path = PostTableViewCell.xib; sourceTree = "<group>"; };
		021F5C8726D2BD89000F708C /* DetailPostViewController.swift */ = {isa = PBXFileReference; lastKnownFileType = sourcecode.swift; path = DetailPostViewController.swift; sourceTree = "<group>"; };
		021F5C8A26D2C370000F708C /* DetailPostTableViewCell.swift */ = {isa = PBXFileReference; lastKnownFileType = sourcecode.swift; path = DetailPostTableViewCell.swift; sourceTree = "<group>"; };
		021F5C8B26D2C370000F708C /* DetailPostTableViewCell.xib */ = {isa = PBXFileReference; lastKnownFileType = file.xib; path = DetailPostTableViewCell.xib; sourceTree = "<group>"; };
		021F5C9026D32EE1000F708C /* DetailPostTextViewTableViewCell.swift */ = {isa = PBXFileReference; lastKnownFileType = sourcecode.swift; path = DetailPostTextViewTableViewCell.swift; sourceTree = "<group>"; };
		021F5C9126D32EE1000F708C /* DetailPostTextViewTableViewCell.xib */ = {isa = PBXFileReference; lastKnownFileType = file.xib; path = DetailPostTextViewTableViewCell.xib; sourceTree = "<group>"; };
		021F5C9426D33750000F708C /* DetailPostCommentTableViewCell.swift */ = {isa = PBXFileReference; lastKnownFileType = sourcecode.swift; path = DetailPostCommentTableViewCell.swift; sourceTree = "<group>"; };
		021F5C9526D33750000F708C /* DetailPostCommentTableViewCell.xib */ = {isa = PBXFileReference; lastKnownFileType = file.xib; path = DetailPostCommentTableViewCell.xib; sourceTree = "<group>"; };
		023984DE26E6157700D99FBA /* Comment.swift */ = {isa = PBXFileReference; lastKnownFileType = sourcecode.swift; path = Comment.swift; sourceTree = "<group>"; };
		023984E026E6162800D99FBA /* Like.swift */ = {isa = PBXFileReference; lastKnownFileType = sourcecode.swift; path = Like.swift; sourceTree = "<group>"; };
		023AFA8026C9F2A200D3C064 /* GoogleService-Info.plist */ = {isa = PBXFileReference; fileEncoding = 4; lastKnownFileType = text.plist.xml; path = "GoogleService-Info.plist"; sourceTree = "<group>"; };
		023AFA8226C9FD7B00D3C064 /* GoodBusinessTalk.entitlements */ = {isa = PBXFileReference; lastKnownFileType = text.plist.entitlements; path = GoodBusinessTalk.entitlements; sourceTree = "<group>"; };
		023C174C26CBEEDC00DFE754 /* RecentViewController.swift */ = {isa = PBXFileReference; lastKnownFileType = sourcecode.swift; path = RecentViewController.swift; sourceTree = "<group>"; };
		023C174E26CBEEE400DFE754 /* BestViewController.swift */ = {isa = PBXFileReference; lastKnownFileType = sourcecode.swift; path = BestViewController.swift; sourceTree = "<group>"; };
		023C175326CEABEE00DFE754 /* NoticeViewController.swift */ = {isa = PBXFileReference; lastKnownFileType = sourcecode.swift; path = NoticeViewController.swift; sourceTree = "<group>"; };
		023C175526CEAC6A00DFE754 /* PostNoticeViewController.swift */ = {isa = PBXFileReference; lastKnownFileType = sourcecode.swift; path = PostNoticeViewController.swift; sourceTree = "<group>"; };
		023C175726CEAC7200DFE754 /* AppNoticeViewController.swift */ = {isa = PBXFileReference; lastKnownFileType = sourcecode.swift; path = AppNoticeViewController.swift; sourceTree = "<group>"; };
		024CF45C26E61D9900568EF4 /* LogoutViewController.swift */ = {isa = PBXFileReference; lastKnownFileType = sourcecode.swift; path = LogoutViewController.swift; sourceTree = "<group>"; };
		028791AA26DCEDF700AA6DCF /* EmailAuth.swift */ = {isa = PBXFileReference; lastKnownFileType = sourcecode.swift; path = EmailAuth.swift; sourceTree = "<group>"; };
		028791AC26DCF10D00AA6DCF /* AuthNetworkManager.swift */ = {isa = PBXFileReference; lastKnownFileType = sourcecode.swift; path = AuthNetworkManager.swift; sourceTree = "<group>"; };
		028791B026DCFA5F00AA6DCF /* Resource.swift */ = {isa = PBXFileReference; lastKnownFileType = sourcecode.swift; path = Resource.swift; sourceTree = "<group>"; };
		028791B326DCFB5D00AA6DCF /* PostsAPI.swift */ = {isa = PBXFileReference; lastKnownFileType = sourcecode.swift; path = PostsAPI.swift; sourceTree = "<group>"; };
		028791B526DCFCCA00AA6DCF /* Post.swift */ = {isa = PBXFileReference; lastKnownFileType = sourcecode.swift; path = Post.swift; sourceTree = "<group>"; };
		028ECF9B26C44C3600D74716 /* GoodBusinessTalk.app */ = {isa = PBXFileReference; explicitFileType = wrapper.application; includeInIndex = 0; path = GoodBusinessTalk.app; sourceTree = BUILT_PRODUCTS_DIR; };
		028ECF9E26C44C3600D74716 /* AppDelegate.swift */ = {isa = PBXFileReference; lastKnownFileType = sourcecode.swift; path = AppDelegate.swift; sourceTree = "<group>"; };
		028ECFA026C44C3600D74716 /* SceneDelegate.swift */ = {isa = PBXFileReference; lastKnownFileType = sourcecode.swift; path = SceneDelegate.swift; sourceTree = "<group>"; };
		028ECFA526C44C3600D74716 /* Base */ = {isa = PBXFileReference; lastKnownFileType = file.storyboard; name = Base; path = Base.lproj/Main.storyboard; sourceTree = "<group>"; };
		028ECFA726C44C3900D74716 /* Assets.xcassets */ = {isa = PBXFileReference; lastKnownFileType = folder.assetcatalog; path = Assets.xcassets; sourceTree = "<group>"; };
		028ECFAA26C44C3900D74716 /* Base */ = {isa = PBXFileReference; lastKnownFileType = file.storyboard; name = Base; path = Base.lproj/LaunchScreen.storyboard; sourceTree = "<group>"; };
		028ECFAC26C44C3900D74716 /* Info.plist */ = {isa = PBXFileReference; lastKnownFileType = text.plist.xml; path = Info.plist; sourceTree = "<group>"; };
		028ECFB326C44D1200D74716 /* MainViewController.swift */ = {isa = PBXFileReference; lastKnownFileType = sourcecode.swift; path = MainViewController.swift; sourceTree = "<group>"; };
		02B03E2526E3640D00DD3C98 /* PostsNetworkManager.swift */ = {isa = PBXFileReference; lastKnownFileType = sourcecode.swift; path = PostsNetworkManager.swift; sourceTree = "<group>"; };
		02C247E526DCDE66003C2100 /* MyPostViewController.swift */ = {isa = PBXFileReference; lastKnownFileType = sourcecode.swift; path = MyPostViewController.swift; sourceTree = "<group>"; };
		02C247E826DCDEEF003C2100 /* MyPostTableViewCell.swift */ = {isa = PBXFileReference; lastKnownFileType = sourcecode.swift; path = MyPostTableViewCell.swift; sourceTree = "<group>"; };
		02C247E926DCDEEF003C2100 /* MyPostTableViewCell.xib */ = {isa = PBXFileReference; lastKnownFileType = file.xib; path = MyPostTableViewCell.xib; sourceTree = "<group>"; };
		02E0299C26C971DC00EBB2BB /* LoginViewController.swift */ = {isa = PBXFileReference; lastKnownFileType = sourcecode.swift; path = LoginViewController.swift; sourceTree = "<group>"; };
		02E0299E26C971E300EBB2BB /* SignupViewController.swift */ = {isa = PBXFileReference; lastKnownFileType = sourcecode.swift; path = SignupViewController.swift; sourceTree = "<group>"; };
		02F4A76026CF3DF60066BEDC /* AppNoticeTableViewCell.swift */ = {isa = PBXFileReference; lastKnownFileType = sourcecode.swift; path = AppNoticeTableViewCell.swift; sourceTree = "<group>"; };
		02F4A76126CF3DF60066BEDC /* AppNoticeTableViewCell.xib */ = {isa = PBXFileReference; lastKnownFileType = file.xib; path = AppNoticeTableViewCell.xib; sourceTree = "<group>"; };
		02F4A76526CF9EF40066BEDC /* SettingViewController.swift */ = {isa = PBXFileReference; lastKnownFileType = sourcecode.swift; path = SettingViewController.swift; sourceTree = "<group>"; };
		02F4A76A26CFC98A0066BEDC /* SettingProfileTableViewCell.swift */ = {isa = PBXFileReference; lastKnownFileType = sourcecode.swift; path = SettingProfileTableViewCell.swift; sourceTree = "<group>"; };
		02F4A76B26CFC98A0066BEDC /* SettingProfileTableViewCell.xib */ = {isa = PBXFileReference; lastKnownFileType = file.xib; path = SettingProfileTableViewCell.xib; sourceTree = "<group>"; };
		3B4CDDD279668C68B58F99ED /* Pods-GoodBusinessTalk.release.xcconfig */ = {isa = PBXFileReference; includeInIndex = 1; lastKnownFileType = text.xcconfig; name = "Pods-GoodBusinessTalk.release.xcconfig"; path = "Target Support Files/Pods-GoodBusinessTalk/Pods-GoodBusinessTalk.release.xcconfig"; sourceTree = "<group>"; };
		A73D7F22EA9696B89866050B /* Pods-GoodBusinessTalk.debug.xcconfig */ = {isa = PBXFileReference; includeInIndex = 1; lastKnownFileType = text.xcconfig; name = "Pods-GoodBusinessTalk.debug.xcconfig"; path = "Target Support Files/Pods-GoodBusinessTalk/Pods-GoodBusinessTalk.debug.xcconfig"; sourceTree = "<group>"; };
		F5D6164171439D4421CB7743 /* Pods_GoodBusinessTalk.framework */ = {isa = PBXFileReference; explicitFileType = wrapper.framework; includeInIndex = 0; path = Pods_GoodBusinessTalk.framework; sourceTree = BUILT_PRODUCTS_DIR; };
/* End PBXFileReference section */

/* Begin PBXFrameworksBuildPhase section */
		028ECF9826C44C3600D74716 /* Frameworks */ = {
			isa = PBXFrameworksBuildPhase;
			buildActionMask = 2147483647;
			files = (
				5236953F0235688DFBFC6604 /* Pods_GoodBusinessTalk.framework in Frameworks */,
			);
			runOnlyForDeploymentPostprocessing = 0;
		};
/* End PBXFrameworksBuildPhase section */

/* Begin PBXGroup section */
		021B988726C4BA6B00E32ACA /* Compose */ = {
			isa = PBXGroup;
			children = (
				021B988826C4BAB900E32ACA /* ComposeViewController.swift */,
			);
			path = Compose;
			sourceTree = "<group>";
		};
		021B988A26C4E54F00E32ACA /* Font */ = {
			isa = PBXGroup;
			children = (
				021B988B26C4E55A00E32ACA /* Spoqa Han Sans Bold.ttf */,
				021B988C26C4E55B00E32ACA /* Spoqa Han Sans Regular.ttf */,
			);
			path = Font;
			sourceTree = "<group>";
		};
		021F5C8626D2BD6D000F708C /* DetailPost */ = {
			isa = PBXGroup;
			children = (
				021F5C8726D2BD89000F708C /* DetailPostViewController.swift */,
			);
			path = DetailPost;
			sourceTree = "<group>";
		};
		021F5C8926D2C357000F708C /* DetailPost */ = {
			isa = PBXGroup;
			children = (
				021F5C8A26D2C370000F708C /* DetailPostTableViewCell.swift */,
				021F5C8B26D2C370000F708C /* DetailPostTableViewCell.xib */,
				021F5C9026D32EE1000F708C /* DetailPostTextViewTableViewCell.swift */,
				021F5C9126D32EE1000F708C /* DetailPostTextViewTableViewCell.xib */,
				021F5C9426D33750000F708C /* DetailPostCommentTableViewCell.swift */,
				021F5C9526D33750000F708C /* DetailPostCommentTableViewCell.xib */,
			);
			path = DetailPost;
			sourceTree = "<group>";
		};
		023C174A26CBEEBE00DFE754 /* Recent */ = {
			isa = PBXGroup;
			children = (
				023C174C26CBEEDC00DFE754 /* RecentViewController.swift */,
			);
			path = Recent;
			sourceTree = "<group>";
		};
		023C174B26CBEEC300DFE754 /* Best */ = {
			isa = PBXGroup;
			children = (
				023C174E26CBEEE400DFE754 /* BestViewController.swift */,
			);
			path = Best;
			sourceTree = "<group>";
		};
		023C175026CEAB5200DFE754 /* Notice */ = {
			isa = PBXGroup;
			children = (
				023C175326CEABEE00DFE754 /* NoticeViewController.swift */,
				023C175226CEAB6800DFE754 /* PostNotice */,
				023C175126CEAB6200DFE754 /* AppNotice */,
			);
			path = Notice;
			sourceTree = "<group>";
		};
		023C175126CEAB6200DFE754 /* AppNotice */ = {
			isa = PBXGroup;
			children = (
				023C175726CEAC7200DFE754 /* AppNoticeViewController.swift */,
			);
			path = AppNotice;
			sourceTree = "<group>";
		};
		023C175226CEAB6800DFE754 /* PostNotice */ = {
			isa = PBXGroup;
			children = (
				023C175526CEAC6A00DFE754 /* PostNoticeViewController.swift */,
			);
			path = PostNotice;
			sourceTree = "<group>";
		};
		028791A926DCEDDC00AA6DCF /* EmailAuth */ = {
			isa = PBXGroup;
			children = (
				028791AA26DCEDF700AA6DCF /* EmailAuth.swift */,
				028791AC26DCF10D00AA6DCF /* AuthNetworkManager.swift */,
			);
			path = EmailAuth;
			sourceTree = "<group>";
		};
		028791AE26DCF9CC00AA6DCF /* Service */ = {
			isa = PBXGroup;
			children = (
				028791A926DCEDDC00AA6DCF /* EmailAuth */,
				028791B226DCFB4600AA6DCF /* PostsAPI */,
			);
			path = Service;
			sourceTree = "<group>";
		};
		028791AF26DCF9FE00AA6DCF /* Constraints */ = {
			isa = PBXGroup;
			children = (
				028791B026DCFA5F00AA6DCF /* Resource.swift */,
			);
			path = Constraints;
			sourceTree = "<group>";
		};
		028791B226DCFB4600AA6DCF /* PostsAPI */ = {
			isa = PBXGroup;
			children = (
				028791B526DCFCCA00AA6DCF /* Post.swift */,
				023984E026E6162800D99FBA /* Like.swift */,
				023984DE26E6157700D99FBA /* Comment.swift */,
				028791B326DCFB5D00AA6DCF /* PostsAPI.swift */,
				02B03E2526E3640D00DD3C98 /* PostsNetworkManager.swift */,
			);
			path = PostsAPI;
			sourceTree = "<group>";
		};
		028ECF9226C44C3600D74716 = {
			isa = PBXGroup;
			children = (
				028ECF9D26C44C3600D74716 /* GoodBusinessTalk */,
				028ECF9C26C44C3600D74716 /* Products */,
				34C5A0A561A76195BEC184FF /* Pods */,
				24BE3F1E2B64966D288C31E0 /* Frameworks */,
			);
			sourceTree = "<group>";
		};
		028ECF9C26C44C3600D74716 /* Products */ = {
			isa = PBXGroup;
			children = (
				028ECF9B26C44C3600D74716 /* GoodBusinessTalk.app */,
			);
			name = Products;
			sourceTree = "<group>";
		};
		028ECF9D26C44C3600D74716 /* GoodBusinessTalk */ = {
			isa = PBXGroup;
			children = (
				028791AE26DCF9CC00AA6DCF /* Service */,
				028791AF26DCF9FE00AA6DCF /* Constraints */,
				023AFA8226C9FD7B00D3C064 /* GoodBusinessTalk.entitlements */,
				028ECF9E26C44C3600D74716 /* AppDelegate.swift */,
				028ECFA026C44C3600D74716 /* SceneDelegate.swift */,
				021B988A26C4E54F00E32ACA /* Font */,
				02F4A75C26CF3DA90066BEDC /* View */,
				02E0299926C9719800EBB2BB /* Auth */,
				02E0299A26C971A000EBB2BB /* Signup */,
				028ECFB226C44CF200D74716 /* Main */,
				021F5C8626D2BD6D000F708C /* DetailPost */,
				021B988726C4BA6B00E32ACA /* Compose */,
				023C175026CEAB5200DFE754 /* Notice */,
				02F4A76426CF874C0066BEDC /* Setting */,
				02C247E426DCDE31003C2100 /* MyPost */,
				028ECFA426C44C3600D74716 /* Main.storyboard */,
				028ECFA726C44C3900D74716 /* Assets.xcassets */,
				028ECFA926C44C3900D74716 /* LaunchScreen.storyboard */,
				028ECFAC26C44C3900D74716 /* Info.plist */,
				023AFA8026C9F2A200D3C064 /* GoogleService-Info.plist */,
			);
			path = GoodBusinessTalk;
			sourceTree = "<group>";
		};
		028ECFB226C44CF200D74716 /* Main */ = {
			isa = PBXGroup;
			children = (
				028ECFB326C44D1200D74716 /* MainViewController.swift */,
				023C174A26CBEEBE00DFE754 /* Recent */,
				023C174B26CBEEC300DFE754 /* Best */,
			);
			path = Main;
			sourceTree = "<group>";
		};
		02C247E426DCDE31003C2100 /* MyPost */ = {
			isa = PBXGroup;
			children = (
				02C247E526DCDE66003C2100 /* MyPostViewController.swift */,
			);
			path = MyPost;
			sourceTree = "<group>";
		};
		02C247E726DCDEB5003C2100 /* MyPost */ = {
			isa = PBXGroup;
			children = (
				02C247E826DCDEEF003C2100 /* MyPostTableViewCell.swift */,
				02C247E926DCDEEF003C2100 /* MyPostTableViewCell.xib */,
			);
			path = MyPost;
			sourceTree = "<group>";
		};
		02E0299926C9719800EBB2BB /* Auth */ = {
			isa = PBXGroup;
			children = (
				02E0299B26C971AC00EBB2BB /* SocialLogin */,
			);
			path = Auth;
			sourceTree = "<group>";
		};
		02E0299A26C971A000EBB2BB /* Signup */ = {
			isa = PBXGroup;
			children = (
				02E0299E26C971E300EBB2BB /* SignupViewController.swift */,
			);
			path = Signup;
			sourceTree = "<group>";
		};
		02E0299B26C971AC00EBB2BB /* SocialLogin */ = {
			isa = PBXGroup;
			children = (
				02E0299C26C971DC00EBB2BB /* LoginViewController.swift */,
			);
			path = SocialLogin;
			sourceTree = "<group>";
		};
		02F4A75C26CF3DA90066BEDC /* View */ = {
			isa = PBXGroup;
			children = (
				02F4A75D26CF3DAD0066BEDC /* Cell */,
			);
			path = View;
			sourceTree = "<group>";
		};
		02F4A75D26CF3DAD0066BEDC /* Cell */ = {
			isa = PBXGroup;
			children = (
				02F4A75E26CF3DC50066BEDC /* Main */,
				021F5C8926D2C357000F708C /* DetailPost */,
				02F4A75F26CF3DD30066BEDC /* Alarm */,
				02F4A76726CFA5190066BEDC /* Setting */,
				02C247E726DCDEB5003C2100 /* MyPost */,
			);
			path = Cell;
			sourceTree = "<group>";
		};
		02F4A75E26CF3DC50066BEDC /* Main */ = {
			isa = PBXGroup;
			children = (
				021B989526C586E700E32ACA /* PostTableViewCell.swift */,
				021B989626C586E700E32ACA /* PostTableViewCell.xib */,
			);
			path = Main;
			sourceTree = "<group>";
		};
		02F4A75F26CF3DD30066BEDC /* Alarm */ = {
			isa = PBXGroup;
			children = (
				02F4A76026CF3DF60066BEDC /* AppNoticeTableViewCell.swift */,
				02F4A76126CF3DF60066BEDC /* AppNoticeTableViewCell.xib */,
			);
			path = Alarm;
			sourceTree = "<group>";
		};
		02F4A76426CF874C0066BEDC /* Setting */ = {
			isa = PBXGroup;
			children = (
				02F4A76526CF9EF40066BEDC /* SettingViewController.swift */,
				024CF45C26E61D9900568EF4 /* LogoutViewController.swift */,
			);
			path = Setting;
			sourceTree = "<group>";
		};
		02F4A76726CFA5190066BEDC /* Setting */ = {
			isa = PBXGroup;
			children = (
				02F4A76A26CFC98A0066BEDC /* SettingProfileTableViewCell.swift */,
				02F4A76B26CFC98A0066BEDC /* SettingProfileTableViewCell.xib */,
			);
			path = Setting;
			sourceTree = "<group>";
		};
		24BE3F1E2B64966D288C31E0 /* Frameworks */ = {
			isa = PBXGroup;
			children = (
				F5D6164171439D4421CB7743 /* Pods_GoodBusinessTalk.framework */,
			);
			name = Frameworks;
			sourceTree = "<group>";
		};
		34C5A0A561A76195BEC184FF /* Pods */ = {
			isa = PBXGroup;
			children = (
				A73D7F22EA9696B89866050B /* Pods-GoodBusinessTalk.debug.xcconfig */,
				3B4CDDD279668C68B58F99ED /* Pods-GoodBusinessTalk.release.xcconfig */,
			);
			path = Pods;
			sourceTree = "<group>";
		};
/* End PBXGroup section */

/* Begin PBXNativeTarget section */
		028ECF9A26C44C3600D74716 /* GoodBusinessTalk */ = {
			isa = PBXNativeTarget;
			buildConfigurationList = 028ECFAF26C44C3900D74716 /* Build configuration list for PBXNativeTarget "GoodBusinessTalk" */;
			buildPhases = (
				3EDEBE06A660EADA311E2B83 /* [CP] Check Pods Manifest.lock */,
				028ECF9726C44C3600D74716 /* Sources */,
				028ECF9826C44C3600D74716 /* Frameworks */,
				028ECF9926C44C3600D74716 /* Resources */,
				1CB05D0DB7546D196CBD6F8F /* [CP] Embed Pods Frameworks */,
				513800888118786F90296495 /* [CP] Copy Pods Resources */,
			);
			buildRules = (
			);
			dependencies = (
			);
			name = GoodBusinessTalk;
			productName = GoodBusinessTalk;
			productReference = 028ECF9B26C44C3600D74716 /* GoodBusinessTalk.app */;
			productType = "com.apple.product-type.application";
		};
/* End PBXNativeTarget section */

/* Begin PBXProject section */
		028ECF9326C44C3600D74716 /* Project object */ = {
			isa = PBXProject;
			attributes = {
				LastSwiftUpdateCheck = 1250;
				LastUpgradeCheck = 1250;
				TargetAttributes = {
					028ECF9A26C44C3600D74716 = {
						CreatedOnToolsVersion = 12.5.1;
					};
				};
			};
			buildConfigurationList = 028ECF9626C44C3600D74716 /* Build configuration list for PBXProject "GoodBusinessTalk" */;
			compatibilityVersion = "Xcode 9.3";
			developmentRegion = en;
			hasScannedForEncodings = 0;
			knownRegions = (
				en,
				Base,
			);
			mainGroup = 028ECF9226C44C3600D74716;
			productRefGroup = 028ECF9C26C44C3600D74716 /* Products */;
			projectDirPath = "";
			projectRoot = "";
			targets = (
				028ECF9A26C44C3600D74716 /* GoodBusinessTalk */,
			);
		};
/* End PBXProject section */

/* Begin PBXResourcesBuildPhase section */
		028ECF9926C44C3600D74716 /* Resources */ = {
			isa = PBXResourcesBuildPhase;
			buildActionMask = 2147483647;
			files = (
				028ECFAB26C44C3900D74716 /* LaunchScreen.storyboard in Resources */,
				02F4A76326CF3DF60066BEDC /* AppNoticeTableViewCell.xib in Resources */,
				02F4A76D26CFC98A0066BEDC /* SettingProfileTableViewCell.xib in Resources */,
				02C247EB26DCDEEF003C2100 /* MyPostTableViewCell.xib in Resources */,
				028ECFA826C44C3900D74716 /* Assets.xcassets in Resources */,
				021B988E26C4E55B00E32ACA /* Spoqa Han Sans Regular.ttf in Resources */,
				021B989826C586E700E32ACA /* PostTableViewCell.xib in Resources */,
				021F5C9726D33750000F708C /* DetailPostCommentTableViewCell.xib in Resources */,
				021B988D26C4E55B00E32ACA /* Spoqa Han Sans Bold.ttf in Resources */,
				028ECFA626C44C3600D74716 /* Main.storyboard in Resources */,
				021F5C8D26D2C370000F708C /* DetailPostTableViewCell.xib in Resources */,
				023AFA8126C9F2A200D3C064 /* GoogleService-Info.plist in Resources */,
				021F5C9326D32EE1000F708C /* DetailPostTextViewTableViewCell.xib in Resources */,
			);
			runOnlyForDeploymentPostprocessing = 0;
		};
/* End PBXResourcesBuildPhase section */

/* Begin PBXShellScriptBuildPhase section */
		1CB05D0DB7546D196CBD6F8F /* [CP] Embed Pods Frameworks */ = {
			isa = PBXShellScriptBuildPhase;
			buildActionMask = 2147483647;
			files = (
			);
			inputFileListPaths = (
				"${PODS_ROOT}/Target Support Files/Pods-GoodBusinessTalk/Pods-GoodBusinessTalk-frameworks-${CONFIGURATION}-input-files.xcfilelist",
			);
			name = "[CP] Embed Pods Frameworks";
			outputFileListPaths = (
				"${PODS_ROOT}/Target Support Files/Pods-GoodBusinessTalk/Pods-GoodBusinessTalk-frameworks-${CONFIGURATION}-output-files.xcfilelist",
			);
			runOnlyForDeploymentPostprocessing = 0;
			shellPath = /bin/sh;
			shellScript = "\"${PODS_ROOT}/Target Support Files/Pods-GoodBusinessTalk/Pods-GoodBusinessTalk-frameworks.sh\"\n";
			showEnvVarsInLog = 0;
		};
		3EDEBE06A660EADA311E2B83 /* [CP] Check Pods Manifest.lock */ = {
			isa = PBXShellScriptBuildPhase;
			buildActionMask = 2147483647;
			files = (
			);
			inputFileListPaths = (
			);
			inputPaths = (
				"${PODS_PODFILE_DIR_PATH}/Podfile.lock",
				"${PODS_ROOT}/Manifest.lock",
			);
			name = "[CP] Check Pods Manifest.lock";
			outputFileListPaths = (
			);
			outputPaths = (
				"$(DERIVED_FILE_DIR)/Pods-GoodBusinessTalk-checkManifestLockResult.txt",
			);
			runOnlyForDeploymentPostprocessing = 0;
			shellPath = /bin/sh;
			shellScript = "diff \"${PODS_PODFILE_DIR_PATH}/Podfile.lock\" \"${PODS_ROOT}/Manifest.lock\" > /dev/null\nif [ $? != 0 ] ; then\n    # print error to STDERR\n    echo \"error: The sandbox is not in sync with the Podfile.lock. Run 'pod install' or update your CocoaPods installation.\" >&2\n    exit 1\nfi\n# This output is used by Xcode 'outputs' to avoid re-running this script phase.\necho \"SUCCESS\" > \"${SCRIPT_OUTPUT_FILE_0}\"\n";
			showEnvVarsInLog = 0;
		};
		513800888118786F90296495 /* [CP] Copy Pods Resources */ = {
			isa = PBXShellScriptBuildPhase;
			buildActionMask = 2147483647;
			files = (
			);
			inputFileListPaths = (
				"${PODS_ROOT}/Target Support Files/Pods-GoodBusinessTalk/Pods-GoodBusinessTalk-resources-${CONFIGURATION}-input-files.xcfilelist",
			);
			name = "[CP] Copy Pods Resources";
			outputFileListPaths = (
				"${PODS_ROOT}/Target Support Files/Pods-GoodBusinessTalk/Pods-GoodBusinessTalk-resources-${CONFIGURATION}-output-files.xcfilelist",
			);
			runOnlyForDeploymentPostprocessing = 0;
			shellPath = /bin/sh;
			shellScript = "\"${PODS_ROOT}/Target Support Files/Pods-GoodBusinessTalk/Pods-GoodBusinessTalk-resources.sh\"\n";
			showEnvVarsInLog = 0;
		};
/* End PBXShellScriptBuildPhase section */

/* Begin PBXSourcesBuildPhase section */
		028ECF9726C44C3600D74716 /* Sources */ = {
			isa = PBXSourcesBuildPhase;
			buildActionMask = 2147483647;
			files = (
				023C175426CEABEE00DFE754 /* NoticeViewController.swift in Sources */,
				023C174F26CBEEE400DFE754 /* BestViewController.swift in Sources */,
				021F5C9626D33750000F708C /* DetailPostCommentTableViewCell.swift in Sources */,
				02E0299D26C971DC00EBB2BB /* LoginViewController.swift in Sources */,
				021B989726C586E700E32ACA /* PostTableViewCell.swift in Sources */,
				023C175826CEAC7200DFE754 /* AppNoticeViewController.swift in Sources */,
				02F4A76626CF9EF40066BEDC /* SettingViewController.swift in Sources */,
				023984E126E6162800D99FBA /* Like.swift in Sources */,
				023C175626CEAC6A00DFE754 /* PostNoticeViewController.swift in Sources */,
				02E0299F26C971E300EBB2BB /* SignupViewController.swift in Sources */,
				021F5C8C26D2C370000F708C /* DetailPostTableViewCell.swift in Sources */,
				023C174D26CBEEDC00DFE754 /* RecentViewController.swift in Sources */,
				023984DF26E6157700D99FBA /* Comment.swift in Sources */,
				021F5C8826D2BD89000F708C /* DetailPostViewController.swift in Sources */,
				028791AB26DCEDF700AA6DCF /* EmailAuth.swift in Sources */,
				028791B126DCFA5F00AA6DCF /* Resource.swift in Sources */,
				021B988926C4BAB900E32ACA /* ComposeViewController.swift in Sources */,
				028791B626DCFCCA00AA6DCF /* Post.swift in Sources */,
				021F5C9226D32EE1000F708C /* DetailPostTextViewTableViewCell.swift in Sources */,
				02C247EA26DCDEEF003C2100 /* MyPostTableViewCell.swift in Sources */,
				02B03E2626E3640D00DD3C98 /* PostsNetworkManager.swift in Sources */,
				028791B426DCFB5D00AA6DCF /* PostsAPI.swift in Sources */,
				02F4A76C26CFC98A0066BEDC /* SettingProfileTableViewCell.swift in Sources */,
				02C247E626DCDE66003C2100 /* MyPostViewController.swift in Sources */,
				028ECFB426C44D1200D74716 /* MainViewController.swift in Sources */,
				028791AD26DCF10D00AA6DCF /* AuthNetworkManager.swift in Sources */,
				02F4A76226CF3DF60066BEDC /* AppNoticeTableViewCell.swift in Sources */,
				028ECF9F26C44C3600D74716 /* AppDelegate.swift in Sources */,
				024CF45D26E61D9900568EF4 /* LogoutViewController.swift in Sources */,
				028ECFA126C44C3600D74716 /* SceneDelegate.swift in Sources */,
			);
			runOnlyForDeploymentPostprocessing = 0;
		};
/* End PBXSourcesBuildPhase section */

/* Begin PBXVariantGroup section */
		028ECFA426C44C3600D74716 /* Main.storyboard */ = {
			isa = PBXVariantGroup;
			children = (
				028ECFA526C44C3600D74716 /* Base */,
			);
			name = Main.storyboard;
			sourceTree = "<group>";
		};
		028ECFA926C44C3900D74716 /* LaunchScreen.storyboard */ = {
			isa = PBXVariantGroup;
			children = (
				028ECFAA26C44C3900D74716 /* Base */,
			);
			name = LaunchScreen.storyboard;
			sourceTree = "<group>";
		};
/* End PBXVariantGroup section */

/* Begin XCBuildConfiguration section */
		028ECFAD26C44C3900D74716 /* Debug */ = {
			isa = XCBuildConfiguration;
			buildSettings = {
				ALWAYS_SEARCH_USER_PATHS = NO;
				CLANG_ANALYZER_NONNULL = YES;
				CLANG_ANALYZER_NUMBER_OBJECT_CONVERSION = YES_AGGRESSIVE;
				CLANG_CXX_LANGUAGE_STANDARD = "gnu++14";
				CLANG_CXX_LIBRARY = "libc++";
				CLANG_ENABLE_MODULES = YES;
				CLANG_ENABLE_OBJC_ARC = YES;
				CLANG_ENABLE_OBJC_WEAK = YES;
				CLANG_WARN_BLOCK_CAPTURE_AUTORELEASING = YES;
				CLANG_WARN_BOOL_CONVERSION = YES;
				CLANG_WARN_COMMA = YES;
				CLANG_WARN_CONSTANT_CONVERSION = YES;
				CLANG_WARN_DEPRECATED_OBJC_IMPLEMENTATIONS = YES;
				CLANG_WARN_DIRECT_OBJC_ISA_USAGE = YES_ERROR;
				CLANG_WARN_DOCUMENTATION_COMMENTS = YES;
				CLANG_WARN_EMPTY_BODY = YES;
				CLANG_WARN_ENUM_CONVERSION = YES;
				CLANG_WARN_INFINITE_RECURSION = YES;
				CLANG_WARN_INT_CONVERSION = YES;
				CLANG_WARN_NON_LITERAL_NULL_CONVERSION = YES;
				CLANG_WARN_OBJC_IMPLICIT_RETAIN_SELF = YES;
				CLANG_WARN_OBJC_LITERAL_CONVERSION = YES;
				CLANG_WARN_OBJC_ROOT_CLASS = YES_ERROR;
				CLANG_WARN_QUOTED_INCLUDE_IN_FRAMEWORK_HEADER = YES;
				CLANG_WARN_RANGE_LOOP_ANALYSIS = YES;
				CLANG_WARN_STRICT_PROTOTYPES = YES;
				CLANG_WARN_SUSPICIOUS_MOVE = YES;
				CLANG_WARN_UNGUARDED_AVAILABILITY = YES_AGGRESSIVE;
				CLANG_WARN_UNREACHABLE_CODE = YES;
				CLANG_WARN__DUPLICATE_METHOD_MATCH = YES;
				COPY_PHASE_STRIP = NO;
				DEBUG_INFORMATION_FORMAT = dwarf;
				ENABLE_STRICT_OBJC_MSGSEND = YES;
				ENABLE_TESTABILITY = YES;
				GCC_C_LANGUAGE_STANDARD = gnu11;
				GCC_DYNAMIC_NO_PIC = NO;
				GCC_NO_COMMON_BLOCKS = YES;
				GCC_OPTIMIZATION_LEVEL = 0;
				GCC_PREPROCESSOR_DEFINITIONS = (
					"DEBUG=1",
					"$(inherited)",
				);
				GCC_WARN_64_TO_32_BIT_CONVERSION = YES;
				GCC_WARN_ABOUT_RETURN_TYPE = YES_ERROR;
				GCC_WARN_UNDECLARED_SELECTOR = YES;
				GCC_WARN_UNINITIALIZED_AUTOS = YES_AGGRESSIVE;
				GCC_WARN_UNUSED_FUNCTION = YES;
				GCC_WARN_UNUSED_VARIABLE = YES;
				IPHONEOS_DEPLOYMENT_TARGET = 14.5;
				MTL_ENABLE_DEBUG_INFO = INCLUDE_SOURCE;
				MTL_FAST_MATH = YES;
				ONLY_ACTIVE_ARCH = YES;
				SDKROOT = iphoneos;
				SWIFT_ACTIVE_COMPILATION_CONDITIONS = DEBUG;
				SWIFT_OPTIMIZATION_LEVEL = "-Onone";
			};
			name = Debug;
		};
		028ECFAE26C44C3900D74716 /* Release */ = {
			isa = XCBuildConfiguration;
			buildSettings = {
				ALWAYS_SEARCH_USER_PATHS = NO;
				CLANG_ANALYZER_NONNULL = YES;
				CLANG_ANALYZER_NUMBER_OBJECT_CONVERSION = YES_AGGRESSIVE;
				CLANG_CXX_LANGUAGE_STANDARD = "gnu++14";
				CLANG_CXX_LIBRARY = "libc++";
				CLANG_ENABLE_MODULES = YES;
				CLANG_ENABLE_OBJC_ARC = YES;
				CLANG_ENABLE_OBJC_WEAK = YES;
				CLANG_WARN_BLOCK_CAPTURE_AUTORELEASING = YES;
				CLANG_WARN_BOOL_CONVERSION = YES;
				CLANG_WARN_COMMA = YES;
				CLANG_WARN_CONSTANT_CONVERSION = YES;
				CLANG_WARN_DEPRECATED_OBJC_IMPLEMENTATIONS = YES;
				CLANG_WARN_DIRECT_OBJC_ISA_USAGE = YES_ERROR;
				CLANG_WARN_DOCUMENTATION_COMMENTS = YES;
				CLANG_WARN_EMPTY_BODY = YES;
				CLANG_WARN_ENUM_CONVERSION = YES;
				CLANG_WARN_INFINITE_RECURSION = YES;
				CLANG_WARN_INT_CONVERSION = YES;
				CLANG_WARN_NON_LITERAL_NULL_CONVERSION = YES;
				CLANG_WARN_OBJC_IMPLICIT_RETAIN_SELF = YES;
				CLANG_WARN_OBJC_LITERAL_CONVERSION = YES;
				CLANG_WARN_OBJC_ROOT_CLASS = YES_ERROR;
				CLANG_WARN_QUOTED_INCLUDE_IN_FRAMEWORK_HEADER = YES;
				CLANG_WARN_RANGE_LOOP_ANALYSIS = YES;
				CLANG_WARN_STRICT_PROTOTYPES = YES;
				CLANG_WARN_SUSPICIOUS_MOVE = YES;
				CLANG_WARN_UNGUARDED_AVAILABILITY = YES_AGGRESSIVE;
				CLANG_WARN_UNREACHABLE_CODE = YES;
				CLANG_WARN__DUPLICATE_METHOD_MATCH = YES;
				COPY_PHASE_STRIP = NO;
				DEBUG_INFORMATION_FORMAT = "dwarf-with-dsym";
				ENABLE_NS_ASSERTIONS = NO;
				ENABLE_STRICT_OBJC_MSGSEND = YES;
				GCC_C_LANGUAGE_STANDARD = gnu11;
				GCC_NO_COMMON_BLOCKS = YES;
				GCC_WARN_64_TO_32_BIT_CONVERSION = YES;
				GCC_WARN_ABOUT_RETURN_TYPE = YES_ERROR;
				GCC_WARN_UNDECLARED_SELECTOR = YES;
				GCC_WARN_UNINITIALIZED_AUTOS = YES_AGGRESSIVE;
				GCC_WARN_UNUSED_FUNCTION = YES;
				GCC_WARN_UNUSED_VARIABLE = YES;
				IPHONEOS_DEPLOYMENT_TARGET = 14.5;
				MTL_ENABLE_DEBUG_INFO = NO;
				MTL_FAST_MATH = YES;
				SDKROOT = iphoneos;
				SWIFT_COMPILATION_MODE = wholemodule;
				SWIFT_OPTIMIZATION_LEVEL = "-O";
				VALIDATE_PRODUCT = YES;
			};
			name = Release;
		};
		028ECFB026C44C3900D74716 /* Debug */ = {
			isa = XCBuildConfiguration;
			baseConfigurationReference = A73D7F22EA9696B89866050B /* Pods-GoodBusinessTalk.debug.xcconfig */;
			buildSettings = {
				ASSETCATALOG_COMPILER_APPICON_NAME = AppIcon;
				ASSETCATALOG_COMPILER_GLOBAL_ACCENT_COLOR_NAME = AccentColor;
				CODE_SIGN_ENTITLEMENTS = GoodBusinessTalk/GoodBusinessTalk.entitlements;
				CODE_SIGN_STYLE = Automatic;
				DEVELOPMENT_TEAM = MK3P338UQW;
				INFOPLIST_FILE = GoodBusinessTalk/Info.plist;
				LD_RUNPATH_SEARCH_PATHS = (
					"$(inherited)",
					"@executable_path/Frameworks",
				);
				PRODUCT_BUNDLE_IDENTIFIER = com.mizy.GoodBusinessTalk;
				PRODUCT_NAME = "$(TARGET_NAME)";
				SWIFT_VERSION = 5.0;
				TARGETED_DEVICE_FAMILY = "1,2";
			};
			name = Debug;
		};
		028ECFB126C44C3900D74716 /* Release */ = {
			isa = XCBuildConfiguration;
			baseConfigurationReference = 3B4CDDD279668C68B58F99ED /* Pods-GoodBusinessTalk.release.xcconfig */;
			buildSettings = {
				ASSETCATALOG_COMPILER_APPICON_NAME = AppIcon;
				ASSETCATALOG_COMPILER_GLOBAL_ACCENT_COLOR_NAME = AccentColor;
				CODE_SIGN_ENTITLEMENTS = GoodBusinessTalk/GoodBusinessTalk.entitlements;
				CODE_SIGN_STYLE = Automatic;
				DEVELOPMENT_TEAM = MK3P338UQW;
				INFOPLIST_FILE = GoodBusinessTalk/Info.plist;
				LD_RUNPATH_SEARCH_PATHS = (
					"$(inherited)",
					"@executable_path/Frameworks",
				);
				PRODUCT_BUNDLE_IDENTIFIER = com.mizy.GoodBusinessTalk;
				PRODUCT_NAME = "$(TARGET_NAME)";
				SWIFT_VERSION = 5.0;
				TARGETED_DEVICE_FAMILY = "1,2";
			};
			name = Release;
		};
/* End XCBuildConfiguration section */

/* Begin XCConfigurationList section */
		028ECF9626C44C3600D74716 /* Build configuration list for PBXProject "GoodBusinessTalk" */ = {
			isa = XCConfigurationList;
			buildConfigurations = (
				028ECFAD26C44C3900D74716 /* Debug */,
				028ECFAE26C44C3900D74716 /* Release */,
			);
			defaultConfigurationIsVisible = 0;
			defaultConfigurationName = Release;
		};
		028ECFAF26C44C3900D74716 /* Build configuration list for PBXNativeTarget "GoodBusinessTalk" */ = {
			isa = XCConfigurationList;
			buildConfigurations = (
				028ECFB026C44C3900D74716 /* Debug */,
				028ECFB126C44C3900D74716 /* Release */,
			);
			defaultConfigurationIsVisible = 0;
			defaultConfigurationName = Release;
		};
/* End XCConfigurationList section */
	};
	rootObject = 028ECF9326C44C3600D74716 /* Project object */;
}
